
Microsoft Visual Studio Solution File, Format Version 12.00
# Visual Studio Version 16
VisualStudioVersion = 16.0.30907.101
MinimumVisualStudioVersion = 10.0.40219.1
Project("{9A19103F-16F7-4668-BE54-9A1E7A4F7556}") = "DataAccess", "DataAccess\DataAccess.csproj", "{8388982E-A208-40B3-967A-53B11C8D2935}"
EndProject
Project("{9A19103F-16F7-4668-BE54-9A1E7A4F7556}") = "Business", "Business\Business.csproj", "{72143244-045F-4BF4-8EED-24A86E9C9B2E}"
EndProject
Project("{9A19103F-16F7-4668-BE54-9A1E7A4F7556}") = "Entities", "Entities\Entities.csproj", "{527CC17D-9889-4F2C-94BB-01EE2A5C80D4}"
EndProject
Project("{9A19103F-16F7-4668-BE54-9A1E7A4F7556}") = "ConsoleUI", "ConsoleUI\ConsoleUI.csproj", "{52D0FC73-DE79-4746-AB85-98C562084D29}"
EndProject
Project("{FAE04EC0-301F-11D3-BF4B-00C04F79EFBC}") = "Core", "Core\Core.csproj", "{C1E8380B-6863-49CA-B0AE-1C23060C7AA8}"
EndProject
Global
	GlobalSection(SolutionConfigurationPlatforms) = preSolution
		Debug|Any CPU = Debug|Any CPU
		Release|Any CPU = Release|Any CPU
	EndGlobalSection
	GlobalSection(ProjectConfigurationPlatforms) = postSolution
		{8388982E-A208-40B3-967A-53B11C8D2935}.Debug|Any CPU.ActiveCfg = Debug|Any CPU
		{8388982E-A208-40B3-967A-53B11C8D2935}.Debug|Any CPU.Build.0 = Debug|Any CPU
		{8388982E-A208-40B3-967A-53B11C8D2935}.Release|Any CPU.ActiveCfg = Release|Any CPU
		{8388982E-A208-40B3-967A-53B11C8D2935}.Release|Any CPU.Build.0 = Release|Any CPU
		{72143244-045F-4BF4-8EED-24A86E9C9B2E}.Debug|Any CPU.ActiveCfg = Debug|Any CPU
		{72143244-045F-4BF4-8EED-24A86E9C9B2E}.Debug|Any CPU.Build.0 = Debug|Any CPU
		{72143244-045F-4BF4-8EED-24A86E9C9B2E}.Release|Any CPU.ActiveCfg = Release|Any CPU
		{72143244-045F-4BF4-8EED-24A86E9C9B2E}.Release|Any CPU.Build.0 = Release|Any CPU
		{527CC17D-9889-4F2C-94BB-01EE2A5C80D4}.Debug|Any CPU.ActiveCfg = Debug|Any CPU
		{527CC17D-9889-4F2C-94BB-01EE2A5C80D4}.Debug|Any CPU.Build.0 = Debug|Any CPU
		{527CC17D-9889-4F2C-94BB-01EE2A5C80D4}.Release|Any CPU.ActiveCfg = Release|Any CPU
		{527CC17D-9889-4F2C-94BB-01EE2A5C80D4}.Release|Any CPU.Build.0 = Release|Any CPU
		{52D0FC73-DE79-4746-AB85-98C562084D29}.Debug|Any CPU.ActiveCfg = Debug|Any CPU
		{52D0FC73-DE79-4746-AB85-98C562084D29}.Debug|Any CPU.Build.0 = Debug|Any CPU
		{52D0FC73-DE79-4746-AB85-98C562084D29}.Release|Any CPU.ActiveCfg = Release|Any CPU
		{52D0FC73-DE79-4746-AB85-98C562084D29}.Release|Any CPU.Build.0 = Release|Any CPU
		{C1E8380B-6863-49CA-B0AE-1C23060C7AA8}.Debug|Any CPU.ActiveCfg = Debug|Any CPU
		{C1E8380B-6863-49CA-B0AE-1C23060C7AA8}.Debug|Any CPU.Build.0 = Debug|Any CPU
		{C1E8380B-6863-49CA-B0AE-1C23060C7AA8}.Release|Any CPU.ActiveCfg = Release|Any CPU
		{C1E8380B-6863-49CA-B0AE-1C23060C7AA8}.Release|Any CPU.Build.0 = Release|Any CPU
	EndGlobalSection
	GlobalSection(SolutionProperties) = preSolution
		HideSolutionNode = FALSE
	EndGlobalSection
	GlobalSection(ExtensibilityGlobals) = postSolution
		SolutionGuid = {A2BE1751-B857-4C21-A73A-0EFE6DBBF7E2}
	EndGlobalSection
EndGlobal
